
Microsoft Visual Studio Solution File, Format Version 12.00
# Visual Studio Version 16
VisualStudioVersion = 16.0.29609.76
MinimumVisualStudioVersion = 10.0.40219.1
Project("{FAE04EC0-301F-11D3-BF4B-00C04F79EFBC}") = "Posh Nosh Form", "Posh Nosh Form\Posh Nosh Form.csproj", "{5A6FC46D-131F-45C1-8E18-CF42AA4E1D03}"
EndProject
Global
	GlobalSection(SolutionConfigurationPlatforms) = preSolution
		Debug|Any CPU = Debug|Any CPU
		Release|Any CPU = Release|Any CPU
	EndGlobalSection
	GlobalSection(ProjectConfigurationPlatforms) = postSolution
		{5A6FC46D-131F-45C1-8E18-CF42AA4E1D03}.Debug|Any CPU.ActiveCfg = Debug|Any CPU
		{5A6FC46D-131F-45C1-8E18-CF42AA4E1D03}.Debug|Any CPU.Build.0 = Debug|Any CPU
		{5A6FC46D-131F-45C1-8E18-CF42AA4E1D03}.Release|Any CPU.ActiveCfg = Release|Any CPU
		{5A6FC46D-131F-45C1-8E18-CF42AA4E1D03}.Release|Any CPU.Build.0 = Release|Any CPU
	EndGlobalSection
	GlobalSection(SolutionProperties) = preSolution
		HideSolutionNode = FALSE
	EndGlobalSection
	GlobalSection(ExtensibilityGlobals) = postSolution
		SolutionGuid = {72E257FE-25D9-43B7-903F-99AFA80360A5}
	EndGlobalSection
EndGlobal
